// !$*UTF8*$!
{
	archiveVersion = 1;
	classes = {
	};
	objectVersion = 56;
	objects = {

/* Begin PBXBuildFile section */
		6C1255BB2A45481B00098F08 /* NetworkManager.swift in Sources */ = {isa = PBXBuildFile; fileRef = 6C1255BA2A45481B00098F08 /* NetworkManager.swift */; };
		6C1255BD2A45486200098F08 /* MovieDataModel.swift in Sources */ = {isa = PBXBuildFile; fileRef = 6C1255BC2A45486200098F08 /* MovieDataModel.swift */; };
		6C1255C12A4549BB00098F08 /* AlertItem.swift in Sources */ = {isa = PBXBuildFile; fileRef = 6C1255C02A4549BB00098F08 /* AlertItem.swift */; };
		6C1255C42A454A6900098F08 /* MoviesViewModel.swift in Sources */ = {isa = PBXBuildFile; fileRef = 6C1255C32A454A6900098F08 /* MoviesViewModel.swift */; };
		6C1255C72A454D6400098F08 /* MovieDetailView.swift in Sources */ = {isa = PBXBuildFile; fileRef = 6C1255C62A454D6400098F08 /* MovieDetailView.swift */; };
		6C149E722A42C92E00FFF4DE /* TheMoviesApp.swift in Sources */ = {isa = PBXBuildFile; fileRef = 6C149E712A42C92E00FFF4DE /* TheMoviesApp.swift */; };
		6C149E742A42C92E00FFF4DE /* MoviesView.swift in Sources */ = {isa = PBXBuildFile; fileRef = 6C149E732A42C92E00FFF4DE /* MoviesView.swift */; };
		6C149E762A42C93000FFF4DE /* Assets.xcassets in Resources */ = {isa = PBXBuildFile; fileRef = 6C149E752A42C93000FFF4DE /* Assets.xcassets */; };
		6C149E792A42C93000FFF4DE /* Preview Assets.xcassets in Resources */ = {isa = PBXBuildFile; fileRef = 6C149E782A42C93000FFF4DE /* Preview Assets.xcassets */; };
		6C25B3752A5F6993005E1C3F /* MainTabView.swift in Sources */ = {isa = PBXBuildFile; fileRef = 6C25B3742A5F6993005E1C3F /* MainTabView.swift */; };
		6C3D7D4B2A465FDB004158AA /* Kingfisher in Frameworks */ = {isa = PBXBuildFile; productRef = 6C3D7D4A2A465FDB004158AA /* Kingfisher */; };
		6C3D7D4D2A46676A004158AA /* SearchMoviesView.swift in Sources */ = {isa = PBXBuildFile; fileRef = 6C3D7D4C2A46676A004158AA /* SearchMoviesView.swift */; };
		6C3D7D4F2A46694A004158AA /* SearchMoviesViewModel.swift in Sources */ = {isa = PBXBuildFile; fileRef = 6C3D7D4E2A46694A004158AA /* SearchMoviesViewModel.swift */; };
		6C3D7D512A466FB3004158AA /* ActivityView.swift in Sources */ = {isa = PBXBuildFile; fileRef = 6C3D7D502A466FB3004158AA /* ActivityView.swift */; };
		6CAF40A22A45E3BE00CA44B4 /* YouTubeiOSPlayerHelper in Frameworks */ = {isa = PBXBuildFile; productRef = 6CAF40A12A45E3BE00CA44B4 /* YouTubeiOSPlayerHelper */; };
		6CAF40A42A45E6C500CA44B4 /* TrailerViewModel.swift in Sources */ = {isa = PBXBuildFile; fileRef = 6CAF40A32A45E6C500CA44B4 /* TrailerViewModel.swift */; };
		6CAF40A62A45E79F00CA44B4 /* TrailerResponse.swift in Sources */ = {isa = PBXBuildFile; fileRef = 6CAF40A52A45E79F00CA44B4 /* TrailerResponse.swift */; };
		6CAF40A82A45F0BD00CA44B4 /* MovieCell.swift in Sources */ = {isa = PBXBuildFile; fileRef = 6CAF40A72A45F0BD00CA44B4 /* MovieCell.swift */; };
		6CAF40AA2A45F13A00CA44B4 /* MockResponse.json in Resources */ = {isa = PBXBuildFile; fileRef = 6CAF40A92A45F13A00CA44B4 /* MockResponse.json */; };
		6CAF40AC2A46040600CA44B4 /* TrailerCellView.swift in Sources */ = {isa = PBXBuildFile; fileRef = 6CAF40AB2A46040600CA44B4 /* TrailerCellView.swift */; };
		6CB249022A46081300E5DAAF /* TrailerFullScreenView.swift in Sources */ = {isa = PBXBuildFile; fileRef = 6CB249012A46081300E5DAAF /* TrailerFullScreenView.swift */; };
/* End PBXBuildFile section */

/* Begin PBXFileReference section */
		6C1255BA2A45481B00098F08 /* NetworkManager.swift */ = {isa = PBXFileReference; lastKnownFileType = sourcecode.swift; path = NetworkManager.swift; sourceTree = "<group>"; };
		6C1255BC2A45486200098F08 /* MovieDataModel.swift */ = {isa = PBXFileReference; fileEncoding = 4; lastKnownFileType = sourcecode.swift; path = MovieDataModel.swift; sourceTree = "<group>"; };
		6C1255C02A4549BB00098F08 /* AlertItem.swift */ = {isa = PBXFileReference; fileEncoding = 4; lastKnownFileType = sourcecode.swift; path = AlertItem.swift; sourceTree = "<group>"; };
		6C1255C32A454A6900098F08 /* MoviesViewModel.swift */ = {isa = PBXFileReference; lastKnownFileType = sourcecode.swift; path = MoviesViewModel.swift; sourceTree = "<group>"; };
		6C1255C62A454D6400098F08 /* MovieDetailView.swift */ = {isa = PBXFileReference; lastKnownFileType = sourcecode.swift; path = MovieDetailView.swift; sourceTree = "<group>"; };
		6C149E6E2A42C92E00FFF4DE /* TheMovies.app */ = {isa = PBXFileReference; explicitFileType = wrapper.application; includeInIndex = 0; path = TheMovies.app; sourceTree = BUILT_PRODUCTS_DIR; };
		6C149E712A42C92E00FFF4DE /* TheMoviesApp.swift */ = {isa = PBXFileReference; lastKnownFileType = sourcecode.swift; path = TheMoviesApp.swift; sourceTree = "<group>"; };
		6C149E732A42C92E00FFF4DE /* MoviesView.swift */ = {isa = PBXFileReference; lastKnownFileType = sourcecode.swift; path = MoviesView.swift; sourceTree = "<group>"; };
		6C149E752A42C93000FFF4DE /* Assets.xcassets */ = {isa = PBXFileReference; lastKnownFileType = folder.assetcatalog; path = Assets.xcassets; sourceTree = "<group>"; };
		6C149E782A42C93000FFF4DE /* Preview Assets.xcassets */ = {isa = PBXFileReference; lastKnownFileType = folder.assetcatalog; path = "Preview Assets.xcassets"; sourceTree = "<group>"; };
		6C25B3742A5F6993005E1C3F /* MainTabView.swift */ = {isa = PBXFileReference; fileEncoding = 4; lastKnownFileType = sourcecode.swift; path = MainTabView.swift; sourceTree = "<group>"; };
		6C3D7D4C2A46676A004158AA /* SearchMoviesView.swift */ = {isa = PBXFileReference; lastKnownFileType = sourcecode.swift; path = SearchMoviesView.swift; sourceTree = "<group>"; };
		6C3D7D4E2A46694A004158AA /* SearchMoviesViewModel.swift */ = {isa = PBXFileReference; lastKnownFileType = sourcecode.swift; path = SearchMoviesViewModel.swift; sourceTree = "<group>"; };
		6C3D7D502A466FB3004158AA /* ActivityView.swift */ = {isa = PBXFileReference; lastKnownFileType = sourcecode.swift; path = ActivityView.swift; sourceTree = "<group>"; };
		6CAF40A32A45E6C500CA44B4 /* TrailerViewModel.swift */ = {isa = PBXFileReference; lastKnownFileType = sourcecode.swift; path = TrailerViewModel.swift; sourceTree = "<group>"; };
		6CAF40A52A45E79F00CA44B4 /* TrailerResponse.swift */ = {isa = PBXFileReference; lastKnownFileType = sourcecode.swift; path = TrailerResponse.swift; sourceTree = "<group>"; };
		6CAF40A72A45F0BD00CA44B4 /* MovieCell.swift */ = {isa = PBXFileReference; lastKnownFileType = sourcecode.swift; path = MovieCell.swift; sourceTree = "<group>"; };
		6CAF40A92A45F13A00CA44B4 /* MockResponse.json */ = {isa = PBXFileReference; lastKnownFileType = text.json; path = MockResponse.json; sourceTree = "<group>"; };
		6CAF40AB2A46040600CA44B4 /* TrailerCellView.swift */ = {isa = PBXFileReference; lastKnownFileType = sourcecode.swift; path = TrailerCellView.swift; sourceTree = "<group>"; };
		6CB249012A46081300E5DAAF /* TrailerFullScreenView.swift */ = {isa = PBXFileReference; lastKnownFileType = sourcecode.swift; path = TrailerFullScreenView.swift; sourceTree = "<group>"; };
/* End PBXFileReference section */

/* Begin PBXFrameworksBuildPhase section */
		6C149E6B2A42C92E00FFF4DE /* Frameworks */ = {
			isa = PBXFrameworksBuildPhase;
			buildActionMask = 2147483647;
			files = (
				6C3D7D4B2A465FDB004158AA /* Kingfisher in Frameworks */,
				6CAF40A22A45E3BE00CA44B4 /* YouTubeiOSPlayerHelper in Frameworks */,
			);
			runOnlyForDeploymentPostprocessing = 0;
		};
/* End PBXFrameworksBuildPhase section */

/* Begin PBXGroup section */
		6C1255BE2A45486800098F08 /* Model */ = {
			isa = PBXGroup;
			children = (
				6C1255BC2A45486200098F08 /* MovieDataModel.swift */,
				6CAF40A52A45E79F00CA44B4 /* TrailerResponse.swift */,
			);
			path = Model;
			sourceTree = "<group>";
		};
		6C1255BF2A45486E00098F08 /* Utilities */ = {
			isa = PBXGroup;
			children = (
				6C1255C02A4549BB00098F08 /* AlertItem.swift */,
				6C1255BA2A45481B00098F08 /* NetworkManager.swift */,
				6CAF40A92A45F13A00CA44B4 /* MockResponse.json */,
			);
			path = Utilities;
			sourceTree = "<group>";
		};
		6C1255C22A454A5100098F08 /* ViewModel */ = {
			isa = PBXGroup;
			children = (
				6C1255C32A454A6900098F08 /* MoviesViewModel.swift */,
				6CAF40A32A45E6C500CA44B4 /* TrailerViewModel.swift */,
				6C3D7D4E2A46694A004158AA /* SearchMoviesViewModel.swift */,
			);
			path = ViewModel;
			sourceTree = "<group>";
		};
		6C1255C52A454D5700098F08 /* View */ = {
			isa = PBXGroup;
			children = (
				6C25B3742A5F6993005E1C3F /* MainTabView.swift */,
				6C149E732A42C92E00FFF4DE /* MoviesView.swift */,
				6C1255C62A454D6400098F08 /* MovieDetailView.swift */,
				6CAF40A72A45F0BD00CA44B4 /* MovieCell.swift */,
				6CAF40AB2A46040600CA44B4 /* TrailerCellView.swift */,
				6CB249012A46081300E5DAAF /* TrailerFullScreenView.swift */,
				6C3D7D4C2A46676A004158AA /* SearchMoviesView.swift */,
				6C3D7D502A466FB3004158AA /* ActivityView.swift */,
			);
			path = View;
			sourceTree = "<group>";
		};
		6C149E652A42C92E00FFF4DE = {
			isa = PBXGroup;
			children = (
				6C149E702A42C92E00FFF4DE /* TheMovies */,
				6C149E6F2A42C92E00FFF4DE /* Products */,
			);
			sourceTree = "<group>";
		};
		6C149E6F2A42C92E00FFF4DE /* Products */ = {
			isa = PBXGroup;
			children = (
				6C149E6E2A42C92E00FFF4DE /* TheMovies.app */,
			);
			name = Products;
			sourceTree = "<group>";
		};
		6C149E702A42C92E00FFF4DE /* TheMovies */ = {
			isa = PBXGroup;
			children = (
				6C1255BE2A45486800098F08 /* Model */,
				6C1255C52A454D5700098F08 /* View */,
				6C1255C22A454A5100098F08 /* ViewModel */,
				6C149E712A42C92E00FFF4DE /* TheMoviesApp.swift */,
				6C149E752A42C93000FFF4DE /* Assets.xcassets */,
				6C149E772A42C93000FFF4DE /* Preview Content */,
				6C1255BF2A45486E00098F08 /* Utilities */,
			);
			path = TheMovies;
			sourceTree = "<group>";
		};
		6C149E772A42C93000FFF4DE /* Preview Content */ = {
			isa = PBXGroup;
			children = (
				6C149E782A42C93000FFF4DE /* Preview Assets.xcassets */,
			);
			path = "Preview Content";
			sourceTree = "<group>";
		};
/* End PBXGroup section */

/* Begin PBXNativeTarget section */
		6C149E6D2A42C92E00FFF4DE /* TheMovies */ = {
			isa = PBXNativeTarget;
			buildConfigurationList = 6C149E7C2A42C93000FFF4DE /* Build configuration list for PBXNativeTarget "TheMovies" */;
			buildPhases = (
				6C149E6A2A42C92E00FFF4DE /* Sources */,
				6C149E6B2A42C92E00FFF4DE /* Frameworks */,
				6C149E6C2A42C92E00FFF4DE /* Resources */,
			);
			buildRules = (
			);
			dependencies = (
			);
			name = TheMovies;
			packageProductDependencies = (
				6CAF40A12A45E3BE00CA44B4 /* YouTubeiOSPlayerHelper */,
				6C3D7D4A2A465FDB004158AA /* Kingfisher */,
			);
			productName = TheMovies;
			productReference = 6C149E6E2A42C92E00FFF4DE /* TheMovies.app */;
			productType = "com.apple.product-type.application";
		};
/* End PBXNativeTarget section */

/* Begin PBXProject section */
		6C149E662A42C92E00FFF4DE /* Project object */ = {
			isa = PBXProject;
			attributes = {
				BuildIndependentTargetsInParallel = 1;
				LastSwiftUpdateCheck = 1430;
				LastUpgradeCheck = 1430;
				TargetAttributes = {
					6C149E6D2A42C92E00FFF4DE = {
						CreatedOnToolsVersion = 14.3.1;
					};
				};
			};
			buildConfigurationList = 6C149E692A42C92E00FFF4DE /* Build configuration list for PBXProject "TheMovies" */;
			compatibilityVersion = "Xcode 14.0";
			developmentRegion = en;
			hasScannedForEncodings = 0;
			knownRegions = (
				en,
				Base,
			);
			mainGroup = 6C149E652A42C92E00FFF4DE;
			packageReferences = (
				6CAF40A02A45E3BE00CA44B4 /* XCRemoteSwiftPackageReference "youtube-ios-player-helper" */,
				6C3D7D492A465FDB004158AA /* XCRemoteSwiftPackageReference "Kingfisher" */,
			);
			productRefGroup = 6C149E6F2A42C92E00FFF4DE /* Products */;
			projectDirPath = "";
			projectRoot = "";
			targets = (
				6C149E6D2A42C92E00FFF4DE /* TheMovies */,
			);
		};
/* End PBXProject section */

/* Begin PBXResourcesBuildPhase section */
		6C149E6C2A42C92E00FFF4DE /* Resources */ = {
			isa = PBXResourcesBuildPhase;
			buildActionMask = 2147483647;
			files = (
				6C149E792A42C93000FFF4DE /* Preview Assets.xcassets in Resources */,
				6C149E762A42C93000FFF4DE /* Assets.xcassets in Resources */,
				6CAF40AA2A45F13A00CA44B4 /* MockResponse.json in Resources */,
			);
			runOnlyForDeploymentPostprocessing = 0;
		};
/* End PBXResourcesBuildPhase section */

/* Begin PBXSourcesBuildPhase section */
		6C149E6A2A42C92E00FFF4DE /* Sources */ = {
			isa = PBXSourcesBuildPhase;
			buildActionMask = 2147483647;
			files = (
				6CAF40A62A45E79F00CA44B4 /* TrailerResponse.swift in Sources */,
				6CAF40A42A45E6C500CA44B4 /* TrailerViewModel.swift in Sources */,
				6C1255BB2A45481B00098F08 /* NetworkManager.swift in Sources */,
				6C25B3752A5F6993005E1C3F /* MainTabView.swift in Sources */,
				6CB249022A46081300E5DAAF /* TrailerFullScreenView.swift in Sources */,
				6CAF40AC2A46040600CA44B4 /* TrailerCellView.swift in Sources */,
				6C1255C42A454A6900098F08 /* MoviesViewModel.swift in Sources */,
				6C149E742A42C92E00FFF4DE /* MoviesView.swift in Sources */,
				6C3D7D4D2A46676A004158AA /* SearchMoviesView.swift in Sources */,
				6C3D7D512A466FB3004158AA /* ActivityView.swift in Sources */,
				6C1255BD2A45486200098F08 /* MovieDataModel.swift in Sources */,
				6C3D7D4F2A46694A004158AA /* SearchMoviesViewModel.swift in Sources */,
				6C1255C12A4549BB00098F08 /* AlertItem.swift in Sources */,
				6C149E722A42C92E00FFF4DE /* TheMoviesApp.swift in Sources */,
				6CAF40A82A45F0BD00CA44B4 /* MovieCell.swift in Sources */,
				6C1255C72A454D6400098F08 /* MovieDetailView.swift in Sources */,
			);
			runOnlyForDeploymentPostprocessing = 0;
		};
/* End PBXSourcesBuildPhase section */

/* Begin XCBuildConfiguration section */
		6C149E7A2A42C93000FFF4DE /* Debug */ = {
			isa = XCBuildConfiguration;
			buildSettings = {
				ALWAYS_SEARCH_USER_PATHS = NO;
				CLANG_ANALYZER_NONNULL = YES;
				CLANG_ANALYZER_NUMBER_OBJECT_CONVERSION = YES_AGGRESSIVE;
				CLANG_CXX_LANGUAGE_STANDARD = "gnu++20";
				CLANG_ENABLE_MODULES = YES;
				CLANG_ENABLE_OBJC_ARC = YES;
				CLANG_ENABLE_OBJC_WEAK = YES;
				CLANG_WARN_BLOCK_CAPTURE_AUTORELEASING = YES;
				CLANG_WARN_BOOL_CONVERSION = YES;
				CLANG_WARN_COMMA = YES;
				CLANG_WARN_CONSTANT_CONVERSION = YES;
				CLANG_WARN_DEPRECATED_OBJC_IMPLEMENTATIONS = YES;
				CLANG_WARN_DIRECT_OBJC_ISA_USAGE = YES_ERROR;
				CLANG_WARN_DOCUMENTATION_COMMENTS = YES;
				CLANG_WARN_EMPTY_BODY = YES;
				CLANG_WARN_ENUM_CONVERSION = YES;
				CLANG_WARN_INFINITE_RECURSION = YES;
				CLANG_WARN_INT_CONVERSION = YES;
				CLANG_WARN_NON_LITERAL_NULL_CONVERSION = YES;
				CLANG_WARN_OBJC_IMPLICIT_RETAIN_SELF = YES;
				CLANG_WARN_OBJC_LITERAL_CONVERSION = YES;
				CLANG_WARN_OBJC_ROOT_CLASS = YES_ERROR;
				CLANG_WARN_QUOTED_INCLUDE_IN_FRAMEWORK_HEADER = YES;
				CLANG_WARN_RANGE_LOOP_ANALYSIS = YES;
				CLANG_WARN_STRICT_PROTOTYPES = YES;
				CLANG_WARN_SUSPICIOUS_MOVE = YES;
				CLANG_WARN_UNGUARDED_AVAILABILITY = YES_AGGRESSIVE;
				CLANG_WARN_UNREACHABLE_CODE = YES;
				CLANG_WARN__DUPLICATE_METHOD_MATCH = YES;
				COPY_PHASE_STRIP = NO;
				DEBUG_INFORMATION_FORMAT = dwarf;
				ENABLE_STRICT_OBJC_MSGSEND = YES;
				ENABLE_TESTABILITY = YES;
				GCC_C_LANGUAGE_STANDARD = gnu11;
				GCC_DYNAMIC_NO_PIC = NO;
				GCC_NO_COMMON_BLOCKS = YES;
				GCC_OPTIMIZATION_LEVEL = 0;
				GCC_PREPROCESSOR_DEFINITIONS = (
					"DEBUG=1",
					"$(inherited)",
				);
				GCC_WARN_64_TO_32_BIT_CONVERSION = YES;
				GCC_WARN_ABOUT_RETURN_TYPE = YES_ERROR;
				GCC_WARN_UNDECLARED_SELECTOR = YES;
				GCC_WARN_UNINITIALIZED_AUTOS = YES_AGGRESSIVE;
				GCC_WARN_UNUSED_FUNCTION = YES;
				GCC_WARN_UNUSED_VARIABLE = YES;
				IPHONEOS_DEPLOYMENT_TARGET = 16.4;
				MTL_ENABLE_DEBUG_INFO = INCLUDE_SOURCE;
				MTL_FAST_MATH = YES;
				ONLY_ACTIVE_ARCH = YES;
				SDKROOT = iphoneos;
				SWIFT_ACTIVE_COMPILATION_CONDITIONS = DEBUG;
				SWIFT_OPTIMIZATION_LEVEL = "-Onone";
			};
			name = Debug;
		};
		6C149E7B2A42C93000FFF4DE /* Release */ = {
			isa = XCBuildConfiguration;
			buildSettings = {
				ALWAYS_SEARCH_USER_PATHS = NO;
				CLANG_ANALYZER_NONNULL = YES;
				CLANG_ANALYZER_NUMBER_OBJECT_CONVERSION = YES_AGGRESSIVE;
				CLANG_CXX_LANGUAGE_STANDARD = "gnu++20";
				CLANG_ENABLE_MODULES = YES;
				CLANG_ENABLE_OBJC_ARC = YES;
				CLANG_ENABLE_OBJC_WEAK = YES;
				CLANG_WARN_BLOCK_CAPTURE_AUTORELEASING = YES;
				CLANG_WARN_BOOL_CONVERSION = YES;
				CLANG_WARN_COMMA = YES;
				CLANG_WARN_CONSTANT_CONVERSION = YES;
				CLANG_WARN_DEPRECATED_OBJC_IMPLEMENTATIONS = YES;
				CLANG_WARN_DIRECT_OBJC_ISA_USAGE = YES_ERROR;
				CLANG_WARN_DOCUMENTATION_COMMENTS = YES;
				CLANG_WARN_EMPTY_BODY = YES;
				CLANG_WARN_ENUM_CONVERSION = YES;
				CLANG_WARN_INFINITE_RECURSION = YES;
				CLANG_WARN_INT_CONVERSION = YES;
				CLANG_WARN_NON_LITERAL_NULL_CONVERSION = YES;
				CLANG_WARN_OBJC_IMPLICIT_RETAIN_SELF = YES;
				CLANG_WARN_OBJC_LITERAL_CONVERSION = YES;
				CLANG_WARN_OBJC_ROOT_CLASS = YES_ERROR;
				CLANG_WARN_QUOTED_INCLUDE_IN_FRAMEWORK_HEADER = YES;
				CLANG_WARN_RANGE_LOOP_ANALYSIS = YES;
				CLANG_WARN_STRICT_PROTOTYPES = YES;
				CLANG_WARN_SUSPICIOUS_MOVE = YES;
				CLANG_WARN_UNGUARDED_AVAILABILITY = YES_AGGRESSIVE;
				CLANG_WARN_UNREACHABLE_CODE = YES;
				CLANG_WARN__DUPLICATE_METHOD_MATCH = YES;
				COPY_PHASE_STRIP = NO;
				DEBUG_INFORMATION_FORMAT = "dwarf-with-dsym";
				ENABLE_NS_ASSERTIONS = NO;
				ENABLE_STRICT_OBJC_MSGSEND = YES;
				GCC_C_LANGUAGE_STANDARD = gnu11;
				GCC_NO_COMMON_BLOCKS = YES;
				GCC_WARN_64_TO_32_BIT_CONVERSION = YES;
				GCC_WARN_ABOUT_RETURN_TYPE = YES_ERROR;
				GCC_WARN_UNDECLARED_SELECTOR = YES;
				GCC_WARN_UNINITIALIZED_AUTOS = YES_AGGRESSIVE;
				GCC_WARN_UNUSED_FUNCTION = YES;
				GCC_WARN_UNUSED_VARIABLE = YES;
				IPHONEOS_DEPLOYMENT_TARGET = 16.4;
				MTL_ENABLE_DEBUG_INFO = NO;
				MTL_FAST_MATH = YES;
				SDKROOT = iphoneos;
				SWIFT_COMPILATION_MODE = wholemodule;
				SWIFT_OPTIMIZATION_LEVEL = "-O";
				VALIDATE_PRODUCT = YES;
			};
			name = Release;
		};
		6C149E7D2A42C93000FFF4DE /* Debug */ = {
			isa = XCBuildConfiguration;
			buildSettings = {
				ASSETCATALOG_COMPILER_APPICON_NAME = AppIcon;
				ASSETCATALOG_COMPILER_GLOBAL_ACCENT_COLOR_NAME = AccentColor;
				CODE_SIGN_STYLE = Automatic;
				CURRENT_PROJECT_VERSION = 1;
				DEVELOPMENT_ASSET_PATHS = "\"TheMovies/Preview Content\"";
				DEVELOPMENT_TEAM = 28Z45T22J2;
				ENABLE_PREVIEWS = YES;
				GENERATE_INFOPLIST_FILE = YES;
				INFOPLIST_KEY_UIApplicationSceneManifest_Generation = YES;
				INFOPLIST_KEY_UIApplicationSupportsIndirectInputEvents = YES;
				INFOPLIST_KEY_UILaunchScreen_Generation = YES;
				INFOPLIST_KEY_UISupportedInterfaceOrientations_iPad = "UIInterfaceOrientationPortrait UIInterfaceOrientationPortraitUpsideDown UIInterfaceOrientationLandscapeLeft UIInterfaceOrientationLandscapeRight";
				INFOPLIST_KEY_UISupportedInterfaceOrientations_iPhone = "UIInterfaceOrientationPortrait UIInterfaceOrientationLandscapeLeft UIInterfaceOrientationLandscapeRight";
				LD_RUNPATH_SEARCH_PATHS = (
					"$(inherited)",
					"@executable_path/Frameworks",
				);
				MARKETING_VERSION = 1.0;
				PRODUCT_BUNDLE_IDENTIFIER = com.rotadevsolutions.TheMovies;
				PRODUCT_NAME = "$(TARGET_NAME)";
				SWIFT_EMIT_LOC_STRINGS = YES;
				SWIFT_VERSION = 5.0;
				TARGETED_DEVICE_FAMILY = "1,2";
			};
			name = Debug;
		};
		6C149E7E2A42C93000FFF4DE /* Release */ = {
			isa = XCBuildConfiguration;
			buildSettings = {
				ASSETCATALOG_COMPILER_APPICON_NAME = AppIcon;
				ASSETCATALOG_COMPILER_GLOBAL_ACCENT_COLOR_NAME = AccentColor;
				CODE_SIGN_STYLE = Automatic;
				CURRENT_PROJECT_VERSION = 1;
				DEVELOPMENT_ASSET_PATHS = "\"TheMovies/Preview Content\"";
				DEVELOPMENT_TEAM = 28Z45T22J2;
				ENABLE_PREVIEWS = YES;
				GENERATE_INFOPLIST_FILE = YES;
				INFOPLIST_KEY_UIApplicationSceneManifest_Generation = YES;
				INFOPLIST_KEY_UIApplicationSupportsIndirectInputEvents = YES;
				INFOPLIST_KEY_UILaunchScreen_Generation = YES;
				INFOPLIST_KEY_UISupportedInterfaceOrientations_iPad = "UIInterfaceOrientationPortrait UIInterfaceOrientationPortraitUpsideDown UIInterfaceOrientationLandscapeLeft UIInterfaceOrientationLandscapeRight";
				INFOPLIST_KEY_UISupportedInterfaceOrientations_iPhone = "UIInterfaceOrientationPortrait UIInterfaceOrientationLandscapeLeft UIInterfaceOrientationLandscapeRight";
				LD_RUNPATH_SEARCH_PATHS = (
					"$(inherited)",
					"@executable_path/Frameworks",
				);
				MARKETING_VERSION = 1.0;
				PRODUCT_BUNDLE_IDENTIFIER = com.rotadevsolutions.TheMovies;
				PRODUCT_NAME = "$(TARGET_NAME)";
				SWIFT_EMIT_LOC_STRINGS = YES;
				SWIFT_VERSION = 5.0;
				TARGETED_DEVICE_FAMILY = "1,2";
			};
			name = Release;
		};
/* End XCBuildConfiguration section */

/* Begin XCConfigurationList section */
		6C149E692A42C92E00FFF4DE /* Build configuration list for PBXProject "TheMovies" */ = {
			isa = XCConfigurationList;
			buildConfigurations = (
				6C149E7A2A42C93000FFF4DE /* Debug */,
				6C149E7B2A42C93000FFF4DE /* Release */,
			);
			defaultConfigurationIsVisible = 0;
			defaultConfigurationName = Release;
		};
		6C149E7C2A42C93000FFF4DE /* Build configuration list for PBXNativeTarget "TheMovies" */ = {
			isa = XCConfigurationList;
			buildConfigurations = (
				6C149E7D2A42C93000FFF4DE /* Debug */,
				6C149E7E2A42C93000FFF4DE /* Release */,
			);
			defaultConfigurationIsVisible = 0;
			defaultConfigurationName = Release;
		};
/* End XCConfigurationList section */

/* Begin XCRemoteSwiftPackageReference section */
		6C3D7D492A465FDB004158AA /* XCRemoteSwiftPackageReference "Kingfisher" */ = {
			isa = XCRemoteSwiftPackageReference;
			repositoryURL = "https://github.com/onevcat/Kingfisher.git";
			requirement = {
				kind = upToNextMajorVersion;
				minimumVersion = 7.0.0;
			};
		};
		6CAF40A02A45E3BE00CA44B4 /* XCRemoteSwiftPackageReference "youtube-ios-player-helper" */ = {
			isa = XCRemoteSwiftPackageReference;
			repositoryURL = "https://github.com/youtube/youtube-ios-player-helper.git";
			requirement = {
				kind = upToNextMajorVersion;
				minimumVersion = 1.0.0;
			};
		};
/* End XCRemoteSwiftPackageReference section */

/* Begin XCSwiftPackageProductDependency section */
		6C3D7D4A2A465FDB004158AA /* Kingfisher */ = {
			isa = XCSwiftPackageProductDependency;
			package = 6C3D7D492A465FDB004158AA /* XCRemoteSwiftPackageReference "Kingfisher" */;
			productName = Kingfisher;
		};
		6CAF40A12A45E3BE00CA44B4 /* YouTubeiOSPlayerHelper */ = {
			isa = XCSwiftPackageProductDependency;
			package = 6CAF40A02A45E3BE00CA44B4 /* XCRemoteSwiftPackageReference "youtube-ios-player-helper" */;
			productName = YouTubeiOSPlayerHelper;
		};
/* End XCSwiftPackageProductDependency section */
	};
	rootObject = 6C149E662A42C92E00FFF4DE /* Project object */;
}
